
Microsoft Visual Studio Solution File, Format Version 12.00
# Visual Studio Version 16
VisualStudioVersion = 16.0.28803.352
MinimumVisualStudioVersion = 10.0.40219.1
Project("{FAE04EC0-301F-11D3-BF4B-00C04F79EFBC}") = "GraphQL_DotNetCoreApi_Example", "GraphQL_DotNetCoreApi_Example\GraphQL_DotNetCoreApi_Example.csproj", "{C8E1CA83-4249-4622-BA55-F48F64B2EC69}"
EndProject
Project("{FAE04EC0-301F-11D3-BF4B-00C04F79EFBC}") = "DataAccessLayer", "DataAccessLayer\DataAccessLayer.csproj", "{DCA1AB5C-6D49-41FB-B627-4D452089BAC9}"
EndProject
Global
	GlobalSection(SolutionConfigurationPlatforms) = preSolution
		Debug|Any CPU = Debug|Any CPU
		Release|Any CPU = Release|Any CPU
	EndGlobalSection
	GlobalSection(ProjectConfigurationPlatforms) = postSolution
		{C8E1CA83-4249-4622-BA55-F48F64B2EC69}.Debug|Any CPU.ActiveCfg = Debug|Any CPU
		{C8E1CA83-4249-4622-BA55-F48F64B2EC69}.Debug|Any CPU.Build.0 = Debug|Any CPU
		{C8E1CA83-4249-4622-BA55-F48F64B2EC69}.Release|Any CPU.ActiveCfg = Release|Any CPU
		{C8E1CA83-4249-4622-BA55-F48F64B2EC69}.Release|Any CPU.Build.0 = Release|Any CPU
		{DCA1AB5C-6D49-41FB-B627-4D452089BAC9}.Debug|Any CPU.ActiveCfg = Debug|Any CPU
		{DCA1AB5C-6D49-41FB-B627-4D452089BAC9}.Debug|Any CPU.Build.0 = Debug|Any CPU
		{DCA1AB5C-6D49-41FB-B627-4D452089BAC9}.Release|Any CPU.ActiveCfg = Release|Any CPU
		{DCA1AB5C-6D49-41FB-B627-4D452089BAC9}.Release|Any CPU.Build.0 = Release|Any CPU
	EndGlobalSection
	GlobalSection(SolutionProperties) = preSolution
		HideSolutionNode = FALSE
	EndGlobalSection
	GlobalSection(ExtensibilityGlobals) = postSolution
		SolutionGuid = {9740F69B-E115-40C6-AD94-988781A100E2}
	EndGlobalSection
EndGlobal
